{
  "requires": true,
  "lockfileVersion": 1,
  "dependencies": {
    "@vuejs-community/vue-filter-date-parse": {
      "version": "1.1.6",
      "resolved": "https://registry.npmjs.org/@vuejs-community/vue-filter-date-parse/-/vue-filter-date-parse-1.1.6.tgz",
      "integrity": "sha512-OzeiL5wrq+5+sw9hJfcfaIxcG953lpe37Lf0JnRKzVvfBRTHX2t8SIVxtDmgLhSGoGx9B4bGbpv4NaIqeEofXA=="
    }
  }
}
